
Microsoft Visual Studio Solution File, Format Version 12.00
# Visual Studio Version 16
VisualStudioVersion = 16.0.31729.503
MinimumVisualStudioVersion = 10.0.40219.1
Project("{FAE04EC0-301F-11D3-BF4B-00C04F79EFBC}") = "Parking", "Parking\Parking.csproj", "{EBD7073E-12C6-4EB6-8E10-F907CA863BE0}"
EndProject
Global
	GlobalSection(SolutionConfigurationPlatforms) = preSolution
		Debug|Any CPU = Debug|Any CPU
		Release|Any CPU = Release|Any CPU
	EndGlobalSection
	GlobalSection(ProjectConfigurationPlatforms) = postSolution
		{EBD7073E-12C6-4EB6-8E10-F907CA863BE0}.Debug|Any CPU.ActiveCfg = Debug|Any CPU
		{EBD7073E-12C6-4EB6-8E10-F907CA863BE0}.Debug|Any CPU.Build.0 = Debug|Any CPU
		{EBD7073E-12C6-4EB6-8E10-F907CA863BE0}.Release|Any CPU.ActiveCfg = Release|Any CPU
		{EBD7073E-12C6-4EB6-8E10-F907CA863BE0}.Release|Any CPU.Build.0 = Release|Any CPU
	EndGlobalSection
	GlobalSection(SolutionProperties) = preSolution
		HideSolutionNode = FALSE
	EndGlobalSection
	GlobalSection(ExtensibilityGlobals) = postSolution
		SolutionGuid = {42C3B641-A458-4184-8A25-C73118058F07}
	EndGlobalSection
EndGlobal
